
Microsoft Visual Studio Solution File, Format Version 12.00
# Visual Studio Version 17
VisualStudioVersion = 17.2.32630.192
MinimumVisualStudioVersion = 10.0.40219.1
Project("{FAE04EC0-301F-11D3-BF4B-00C04F79EFBC}") = "Blog", "Blog\Blog.csproj", "{CD0E7F9A-1BD9-4FD3-B4E2-61999C6F1CCB}"
EndProject
Global
	GlobalSection(SolutionConfigurationPlatforms) = preSolution
		Debug|Any CPU = Debug|Any CPU
		Release|Any CPU = Release|Any CPU
	EndGlobalSection
	GlobalSection(ProjectConfigurationPlatforms) = postSolution
		{CD0E7F9A-1BD9-4FD3-B4E2-61999C6F1CCB}.Debug|Any CPU.ActiveCfg = Debug|Any CPU
		{CD0E7F9A-1BD9-4FD3-B4E2-61999C6F1CCB}.Debug|Any CPU.Build.0 = Debug|Any CPU
		{CD0E7F9A-1BD9-4FD3-B4E2-61999C6F1CCB}.Release|Any CPU.ActiveCfg = Release|Any CPU
		{CD0E7F9A-1BD9-4FD3-B4E2-61999C6F1CCB}.Release|Any CPU.Build.0 = Release|Any CPU
	EndGlobalSection
	GlobalSection(SolutionProperties) = preSolution
		HideSolutionNode = FALSE
	EndGlobalSection
	GlobalSection(ExtensibilityGlobals) = postSolution
		SolutionGuid = {FBF6CD60-B650-4AB8-AD97-E5626787D466}
	EndGlobalSection
EndGlobal
